
Microsoft Visual Studio Solution File, Format Version 12.00
# Visual Studio Version 17
VisualStudioVersion = 17.13.35825.156
MinimumVisualStudioVersion = 10.0.40219.1
Project("{FAE04EC0-301F-11D3-BF4B-00C04F79EFBC}") = "dotnet-lab3", "dotnet-lab3\dotnet-lab3.csproj", "{A0E7EC3A-AF73-4164-86E9-5C069633E71E}"
EndProject
Project("{FAE04EC0-301F-11D3-BF4B-00C04F79EFBC}") = "dotnet-lab3-gui", "dotnet-lab3-gui\dotnet-lab3-gui.csproj", "{DABDABF8-3699-4A58-AAFE-FCE5395A6537}"
EndProject
Project("{FAE04EC0-301F-11D3-BF4B-00C04F79EFBC}") = "dotnet-lab3-tests", "dotnet-lab3-tests\dotnet-lab3-tests.csproj", "{6FF637A2-3B9E-4B0B-9167-E3305E182F7D}"
EndProject
Project("{FAE04EC0-301F-11D3-BF4B-00C04F79EFBC}") = "dotnet-lab3-images", "dotnet-lab3-images\dotnet-lab3-images.csproj", "{66E7B21A-DB7F-46C0-B19C-E24277FF4152}"
EndProject
Global
	GlobalSection(SolutionConfigurationPlatforms) = preSolution
		Debug|Any CPU = Debug|Any CPU
		Release|Any CPU = Release|Any CPU
	EndGlobalSection
	GlobalSection(ProjectConfigurationPlatforms) = postSolution
		{A0E7EC3A-AF73-4164-86E9-5C069633E71E}.Debug|Any CPU.ActiveCfg = Debug|Any CPU
		{A0E7EC3A-AF73-4164-86E9-5C069633E71E}.Debug|Any CPU.Build.0 = Debug|Any CPU
		{A0E7EC3A-AF73-4164-86E9-5C069633E71E}.Release|Any CPU.ActiveCfg = Release|Any CPU
		{A0E7EC3A-AF73-4164-86E9-5C069633E71E}.Release|Any CPU.Build.0 = Release|Any CPU
		{DABDABF8-3699-4A58-AAFE-FCE5395A6537}.Debug|Any CPU.ActiveCfg = Debug|Any CPU
		{DABDABF8-3699-4A58-AAFE-FCE5395A6537}.Debug|Any CPU.Build.0 = Debug|Any CPU
		{DABDABF8-3699-4A58-AAFE-FCE5395A6537}.Release|Any CPU.ActiveCfg = Release|Any CPU
		{DABDABF8-3699-4A58-AAFE-FCE5395A6537}.Release|Any CPU.Build.0 = Release|Any CPU
		{6FF637A2-3B9E-4B0B-9167-E3305E182F7D}.Debug|Any CPU.ActiveCfg = Debug|Any CPU
		{6FF637A2-3B9E-4B0B-9167-E3305E182F7D}.Debug|Any CPU.Build.0 = Debug|Any CPU
		{6FF637A2-3B9E-4B0B-9167-E3305E182F7D}.Release|Any CPU.ActiveCfg = Release|Any CPU
		{6FF637A2-3B9E-4B0B-9167-E3305E182F7D}.Release|Any CPU.Build.0 = Release|Any CPU
		{66E7B21A-DB7F-46C0-B19C-E24277FF4152}.Debug|Any CPU.ActiveCfg = Debug|Any CPU
		{66E7B21A-DB7F-46C0-B19C-E24277FF4152}.Debug|Any CPU.Build.0 = Debug|Any CPU
		{66E7B21A-DB7F-46C0-B19C-E24277FF4152}.Release|Any CPU.ActiveCfg = Release|Any CPU
		{66E7B21A-DB7F-46C0-B19C-E24277FF4152}.Release|Any CPU.Build.0 = Release|Any CPU
	EndGlobalSection
	GlobalSection(SolutionProperties) = preSolution
		HideSolutionNode = FALSE
	EndGlobalSection
	GlobalSection(ExtensibilityGlobals) = postSolution
		SolutionGuid = {F1763254-A612-4CB5-8A22-FA5BF3DA1BDD}
	EndGlobalSection
EndGlobal
